// !$*UTF8*$!
{
	archiveVersion = 1;
	classes = {
	};
	objectVersion = 55;
	objects = {

/* Begin PBXBuildFile section */
		CB252353282D0305007A2D09 /* SwiftUIView.swift in Sources */ = {isa = PBXBuildFile; fileRef = CB252352282D0305007A2D09 /* SwiftUIView.swift */; };
		CBC2449D2823B3CA00BE1811 /* GuessTheFlagMyProjectApp.swift in Sources */ = {isa = PBXBuildFile; fileRef = CBC2449C2823B3CA00BE1811 /* GuessTheFlagMyProjectApp.swift */; };
		CBC2449F2823B3CA00BE1811 /* ContentView.swift in Sources */ = {isa = PBXBuildFile; fileRef = CBC2449E2823B3CA00BE1811 /* ContentView.swift */; };
		CBC244A12823B3CC00BE1811 /* Assets.xcassets in Resources */ = {isa = PBXBuildFile; fileRef = CBC244A02823B3CC00BE1811 /* Assets.xcassets */; };
		CBC244A42823B3CC00BE1811 /* Preview Assets.xcassets in Resources */ = {isa = PBXBuildFile; fileRef = CBC244A32823B3CC00BE1811 /* Preview Assets.xcassets */; };
		CBC244AE2823B3CD00BE1811 /* GuessTheFlagMyProjectTests.swift in Sources */ = {isa = PBXBuildFile; fileRef = CBC244AD2823B3CD00BE1811 /* GuessTheFlagMyProjectTests.swift */; };
		CBC244B82823B3CD00BE1811 /* GuessTheFlagMyProjectUITests.swift in Sources */ = {isa = PBXBuildFile; fileRef = CBC244B72823B3CD00BE1811 /* GuessTheFlagMyProjectUITests.swift */; };
		CBC244BA2823B3CD00BE1811 /* GuessTheFlagMyProjectUITestsLaunchTests.swift in Sources */ = {isa = PBXBuildFile; fileRef = CBC244B92823B3CD00BE1811 /* GuessTheFlagMyProjectUITestsLaunchTests.swift */; };
/* End PBXBuildFile section */

/* Begin PBXContainerItemProxy section */
		CBC244AA2823B3CD00BE1811 /* PBXContainerItemProxy */ = {
			isa = PBXContainerItemProxy;
			containerPortal = CBC244912823B3CA00BE1811 /* Project object */;
			proxyType = 1;
			remoteGlobalIDString = CBC244982823B3CA00BE1811;
			remoteInfo = GuessTheFlagMyProject;
		};
		CBC244B42823B3CD00BE1811 /* PBXContainerItemProxy */ = {
			isa = PBXContainerItemProxy;
			containerPortal = CBC244912823B3CA00BE1811 /* Project object */;
			proxyType = 1;
			remoteGlobalIDString = CBC244982823B3CA00BE1811;
			remoteInfo = GuessTheFlagMyProject;
		};
/* End PBXContainerItemProxy section */

/* Begin PBXFileReference section */
		CB252352282D0305007A2D09 /* SwiftUIView.swift */ = {isa = PBXFileReference; lastKnownFileType = sourcecode.swift; path = SwiftUIView.swift; sourceTree = "<group>"; };
		CBC244992823B3CA00BE1811 /* GuessTheFlagMyProject.app */ = {isa = PBXFileReference; explicitFileType = wrapper.application; includeInIndex = 0; path = GuessTheFlagMyProject.app; sourceTree = BUILT_PRODUCTS_DIR; };
		CBC2449C2823B3CA00BE1811 /* GuessTheFlagMyProjectApp.swift */ = {isa = PBXFileReference; lastKnownFileType = sourcecode.swift; path = GuessTheFlagMyProjectApp.swift; sourceTree = "<group>"; };
		CBC2449E2823B3CA00BE1811 /* ContentView.swift */ = {isa = PBXFileReference; lastKnownFileType = sourcecode.swift; path = ContentView.swift; sourceTree = "<group>"; };
		CBC244A02823B3CC00BE1811 /* Assets.xcassets */ = {isa = PBXFileReference; lastKnownFileType = folder.assetcatalog; path = Assets.xcassets; sourceTree = "<group>"; };
		CBC244A32823B3CC00BE1811 /* Preview Assets.xcassets */ = {isa = PBXFileReference; lastKnownFileType = folder.assetcatalog; path = "Preview Assets.xcassets"; sourceTree = "<group>"; };
		CBC244A92823B3CD00BE1811 /* GuessTheFlagMyProjectTests.xctest */ = {isa = PBXFileReference; explicitFileType = wrapper.cfbundle; includeInIndex = 0; path = GuessTheFlagMyProjectTests.xctest; sourceTree = BUILT_PRODUCTS_DIR; };
		CBC244AD2823B3CD00BE1811 /* GuessTheFlagMyProjectTests.swift */ = {isa = PBXFileReference; lastKnownFileType = sourcecode.swift; path = GuessTheFlagMyProjectTests.swift; sourceTree = "<group>"; };
		CBC244B32823B3CD00BE1811 /* GuessTheFlagMyProjectUITests.xctest */ = {isa = PBXFileReference; explicitFileType = wrapper.cfbundle; includeInIndex = 0; path = GuessTheFlagMyProjectUITests.xctest; sourceTree = BUILT_PRODUCTS_DIR; };
		CBC244B72823B3CD00BE1811 /* GuessTheFlagMyProjectUITests.swift */ = {isa = PBXFileReference; lastKnownFileType = sourcecode.swift; path = GuessTheFlagMyProjectUITests.swift; sourceTree = "<group>"; };
		CBC244B92823B3CD00BE1811 /* GuessTheFlagMyProjectUITestsLaunchTests.swift */ = {isa = PBXFileReference; lastKnownFileType = sourcecode.swift; path = GuessTheFlagMyProjectUITestsLaunchTests.swift; sourceTree = "<group>"; };
/* End PBXFileReference section */

/* Begin PBXFrameworksBuildPhase section */
		CBC244962823B3CA00BE1811 /* Frameworks */ = {
			isa = PBXFrameworksBuildPhase;
			buildActionMask = 2147483647;
			files = (
			);
			runOnlyForDeploymentPostprocessing = 0;
		};
		CBC244A62823B3CD00BE1811 /* Frameworks */ = {
			isa = PBXFrameworksBuildPhase;
			buildActionMask = 2147483647;
			files = (
			);
			runOnlyForDeploymentPostprocessing = 0;
		};
		CBC244B02823B3CD00BE1811 /* Frameworks */ = {
			isa = PBXFrameworksBuildPhase;
			buildActionMask = 2147483647;
			files = (
			);
			runOnlyForDeploymentPostprocessing = 0;
		};
/* End PBXFrameworksBuildPhase section */

/* Begin PBXGroup section */
		CBC244902823B3CA00BE1811 = {
			isa = PBXGroup;
			children = (
				CBC2449B2823B3CA00BE1811 /* GuessTheFlagMyProject */,
				CBC244AC2823B3CD00BE1811 /* GuessTheFlagMyProjectTests */,
				CBC244B62823B3CD00BE1811 /* GuessTheFlagMyProjectUITests */,
				CBC2449A2823B3CA00BE1811 /* Products */,
			);
			sourceTree = "<group>";
		};
		CBC2449A2823B3CA00BE1811 /* Products */ = {
			isa = PBXGroup;
			children = (
				CBC244992823B3CA00BE1811 /* GuessTheFlagMyProject.app */,
				CBC244A92823B3CD00BE1811 /* GuessTheFlagMyProjectTests.xctest */,
				CBC244B32823B3CD00BE1811 /* GuessTheFlagMyProjectUITests.xctest */,
			);
			name = Products;
			sourceTree = "<group>";
		};
		CBC2449B2823B3CA00BE1811 /* GuessTheFlagMyProject */ = {
			isa = PBXGroup;
			children = (
				CBC2449C2823B3CA00BE1811 /* GuessTheFlagMyProjectApp.swift */,
				CBC2449E2823B3CA00BE1811 /* ContentView.swift */,
				CB252352282D0305007A2D09 /* SwiftUIView.swift */,
				CBC244A02823B3CC00BE1811 /* Assets.xcassets */,
				CBC244A22823B3CC00BE1811 /* Preview Content */,
			);
			path = GuessTheFlagMyProject;
			sourceTree = "<group>";
		};
		CBC244A22823B3CC00BE1811 /* Preview Content */ = {
			isa = PBXGroup;
			children = (
				CBC244A32823B3CC00BE1811 /* Preview Assets.xcassets */,
			);
			path = "Preview Content";
			sourceTree = "<group>";
		};
		CBC244AC2823B3CD00BE1811 /* GuessTheFlagMyProjectTests */ = {
			isa = PBXGroup;
			children = (
				CBC244AD2823B3CD00BE1811 /* GuessTheFlagMyProjectTests.swift */,
			);
			path = GuessTheFlagMyProjectTests;
			sourceTree = "<group>";
		};
		CBC244B62823B3CD00BE1811 /* GuessTheFlagMyProjectUITests */ = {
			isa = PBXGroup;
			children = (
				CBC244B72823B3CD00BE1811 /* GuessTheFlagMyProjectUITests.swift */,
				CBC244B92823B3CD00BE1811 /* GuessTheFlagMyProjectUITestsLaunchTests.swift */,
			);
			path = GuessTheFlagMyProjectUITests;
			sourceTree = "<group>";
		};
/* End PBXGroup section */

/* Begin PBXNativeTarget section */
		CBC244982823B3CA00BE1811 /* GuessTheFlagMyProject */ = {
			isa = PBXNativeTarget;
			buildConfigurationList = CBC244BD2823B3CD00BE1811 /* Build configuration list for PBXNativeTarget "GuessTheFlagMyProject" */;
			buildPhases = (
				CBC244952823B3CA00BE1811 /* Sources */,
				CBC244962823B3CA00BE1811 /* Frameworks */,
				CBC244972823B3CA00BE1811 /* Resources */,
			);
			buildRules = (
			);
			dependencies = (
			);
			name = GuessTheFlagMyProject;
			productName = GuessTheFlagMyProject;
			productReference = CBC244992823B3CA00BE1811 /* GuessTheFlagMyProject.app */;
			productType = "com.apple.product-type.application";
		};
		CBC244A82823B3CD00BE1811 /* GuessTheFlagMyProjectTests */ = {
			isa = PBXNativeTarget;
			buildConfigurationList = CBC244C02823B3CD00BE1811 /* Build configuration list for PBXNativeTarget "GuessTheFlagMyProjectTests" */;
			buildPhases = (
				CBC244A52823B3CD00BE1811 /* Sources */,
				CBC244A62823B3CD00BE1811 /* Frameworks */,
				CBC244A72823B3CD00BE1811 /* Resources */,
			);
			buildRules = (
			);
			dependencies = (
				CBC244AB2823B3CD00BE1811 /* PBXTargetDependency */,
			);
			name = GuessTheFlagMyProjectTests;
			productName = GuessTheFlagMyProjectTests;
			productReference = CBC244A92823B3CD00BE1811 /* GuessTheFlagMyProjectTests.xctest */;
			productType = "com.apple.product-type.bundle.unit-test";
		};
		CBC244B22823B3CD00BE1811 /* GuessTheFlagMyProjectUITests */ = {
			isa = PBXNativeTarget;
			buildConfigurationList = CBC244C32823B3CD00BE1811 /* Build configuration list for PBXNativeTarget "GuessTheFlagMyProjectUITests" */;
			buildPhases = (
				CBC244AF2823B3CD00BE1811 /* Sources */,
				CBC244B02823B3CD00BE1811 /* Frameworks */,
				CBC244B12823B3CD00BE1811 /* Resources */,
			);
			buildRules = (
			);
			dependencies = (
				CBC244B52823B3CD00BE1811 /* PBXTargetDependency */,
			);
			name = GuessTheFlagMyProjectUITests;
			productName = GuessTheFlagMyProjectUITests;
			productReference = CBC244B32823B3CD00BE1811 /* GuessTheFlagMyProjectUITests.xctest */;
			productType = "com.apple.product-type.bundle.ui-testing";
		};
/* End PBXNativeTarget section */

/* Begin PBXProject section */
		CBC244912823B3CA00BE1811 /* Project object */ = {
			isa = PBXProject;
			attributes = {
				BuildIndependentTargetsInParallel = 1;
				LastSwiftUpdateCheck = 1320;
				LastUpgradeCheck = 1320;
				TargetAttributes = {
					CBC244982823B3CA00BE1811 = {
						CreatedOnToolsVersion = 13.2.1;
					};
					CBC244A82823B3CD00BE1811 = {
						CreatedOnToolsVersion = 13.2.1;
						TestTargetID = CBC244982823B3CA00BE1811;
					};
					CBC244B22823B3CD00BE1811 = {
						CreatedOnToolsVersion = 13.2.1;
						TestTargetID = CBC244982823B3CA00BE1811;
					};
				};
			};
			buildConfigurationList = CBC244942823B3CA00BE1811 /* Build configuration list for PBXProject "GuessTheFlagMyProject" */;
			compatibilityVersion = "Xcode 13.0";
			developmentRegion = en;
			hasScannedForEncodings = 0;
			knownRegions = (
				en,
				Base,
			);
			mainGroup = CBC244902823B3CA00BE1811;
			productRefGroup = CBC2449A2823B3CA00BE1811 /* Products */;
			projectDirPath = "";
			projectRoot = "";
			targets = (
				CBC244982823B3CA00BE1811 /* GuessTheFlagMyProject */,
				CBC244A82823B3CD00BE1811 /* GuessTheFlagMyProjectTests */,
				CBC244B22823B3CD00BE1811 /* GuessTheFlagMyProjectUITests */,
			);
		};
/* End PBXProject section */

/* Begin PBXResourcesBuildPhase section */
		CBC244972823B3CA00BE1811 /* Resources */ = {
			isa = PBXResourcesBuildPhase;
			buildActionMask = 2147483647;
			files = (
				CBC244A42823B3CC00BE1811 /* Preview Assets.xcassets in Resources */,
				CBC244A12823B3CC00BE1811 /* Assets.xcassets in Resources */,
			);
			runOnlyForDeploymentPostprocessing = 0;
		};
		CBC244A72823B3CD00BE1811 /* Resources */ = {
			isa = PBXResourcesBuildPhase;
			buildActionMask = 2147483647;
			files = (
			);
			runOnlyForDeploymentPostprocessing = 0;
		};
		CBC244B12823B3CD00BE1811 /* Resources */ = {
			isa = PBXResourcesBuildPhase;
			buildActionMask = 2147483647;
			files = (
			);
			runOnlyForDeploymentPostprocessing = 0;
		};
/* End PBXResourcesBuildPhase section */

/* Begin PBXSourcesBuildPhase section */
		CBC244952823B3CA00BE1811 /* Sources */ = {
			isa = PBXSourcesBuildPhase;
			buildActionMask = 2147483647;
			files = (
				CBC2449F2823B3CA00BE1811 /* ContentView.swift in Sources */,
				CBC2449D2823B3CA00BE1811 /* GuessTheFlagMyProjectApp.swift in Sources */,
				CB252353282D0305007A2D09 /* SwiftUIView.swift in Sources */,
			);
			runOnlyForDeploymentPostprocessing = 0;
		};
		CBC244A52823B3CD00BE1811 /* Sources */ = {
			isa = PBXSourcesBuildPhase;
			buildActionMask = 2147483647;
			files = (
				CBC244AE2823B3CD00BE1811 /* GuessTheFlagMyProjectTests.swift in Sources */,
			);
			runOnlyForDeploymentPostprocessing = 0;
		};
		CBC244AF2823B3CD00BE1811 /* Sources */ = {
			isa = PBXSourcesBuildPhase;
			buildActionMask = 2147483647;
			files = (
				CBC244BA2823B3CD00BE1811 /* GuessTheFlagMyProjectUITestsLaunchTests.swift in Sources */,
				CBC244B82823B3CD00BE1811 /* GuessTheFlagMyProjectUITests.swift in Sources */,
			);
			runOnlyForDeploymentPostprocessing = 0;
		};
/* End PBXSourcesBuildPhase section */

/* Begin PBXTargetDependency section */
		CBC244AB2823B3CD00BE1811 /* PBXTargetDependency */ = {
			isa = PBXTargetDependency;
			target = CBC244982823B3CA00BE1811 /* GuessTheFlagMyProject */;
			targetProxy = CBC244AA2823B3CD00BE1811 /* PBXContainerItemProxy */;
		};
		CBC244B52823B3CD00BE1811 /* PBXTargetDependency */ = {
			isa = PBXTargetDependency;
			target = CBC244982823B3CA00BE1811 /* GuessTheFlagMyProject */;
			targetProxy = CBC244B42823B3CD00BE1811 /* PBXContainerItemProxy */;
		};
/* End PBXTargetDependency section */

/* Begin XCBuildConfiguration section */
		CBC244BB2823B3CD00BE1811 /* Debug */ = {
			isa = XCBuildConfiguration;
			buildSettings = {
				ALWAYS_SEARCH_USER_PATHS = NO;
				CLANG_ANALYZER_NONNULL = YES;
				CLANG_ANALYZER_NUMBER_OBJECT_CONVERSION = YES_AGGRESSIVE;
				CLANG_CXX_LANGUAGE_STANDARD = "gnu++17";
				CLANG_CXX_LIBRARY = "libc++";
				CLANG_ENABLE_MODULES = YES;
				CLANG_ENABLE_OBJC_ARC = YES;
				CLANG_ENABLE_OBJC_WEAK = YES;
				CLANG_WARN_BLOCK_CAPTURE_AUTORELEASING = YES;
				CLANG_WARN_BOOL_CONVERSION = YES;
				CLANG_WARN_COMMA = YES;
				CLANG_WARN_CONSTANT_CONVERSION = YES;
				CLANG_WARN_DEPRECATED_OBJC_IMPLEMENTATIONS = YES;
				CLANG_WARN_DIRECT_OBJC_ISA_USAGE = YES_ERROR;
				CLANG_WARN_DOCUMENTATION_COMMENTS = YES;
				CLANG_WARN_EMPTY_BODY = YES;
				CLANG_WARN_ENUM_CONVERSION = YES;
				CLANG_WARN_INFINITE_RECURSION = YES;
				CLANG_WARN_INT_CONVERSION = YES;
				CLANG_WARN_NON_LITERAL_NULL_CONVERSION = YES;
				CLANG_WARN_OBJC_IMPLICIT_RETAIN_SELF = YES;
				CLANG_WARN_OBJC_LITERAL_CONVERSION = YES;
				CLANG_WARN_OBJC_ROOT_CLASS = YES_ERROR;
				CLANG_WARN_QUOTED_INCLUDE_IN_FRAMEWORK_HEADER = YES;
				CLANG_WARN_RANGE_LOOP_ANALYSIS = YES;
				CLANG_WARN_STRICT_PROTOTYPES = YES;
				CLANG_WARN_SUSPICIOUS_MOVE = YES;
				CLANG_WARN_UNGUARDED_AVAILABILITY = YES_AGGRESSIVE;
				CLANG_WARN_UNREACHABLE_CODE = YES;
				CLANG_WARN__DUPLICATE_METHOD_MATCH = YES;
				COPY_PHASE_STRIP = NO;
				DEBUG_INFORMATION_FORMAT = dwarf;
				ENABLE_STRICT_OBJC_MSGSEND = YES;
				ENABLE_TESTABILITY = YES;
				GCC_C_LANGUAGE_STANDARD = gnu11;
				GCC_DYNAMIC_NO_PIC = NO;
				GCC_NO_COMMON_BLOCKS = YES;
				GCC_OPTIMIZATION_LEVEL = 0;
				GCC_PREPROCESSOR_DEFINITIONS = (
					"DEBUG=1",
					"$(inherited)",
				);
				GCC_WARN_64_TO_32_BIT_CONVERSION = YES;
				GCC_WARN_ABOUT_RETURN_TYPE = YES_ERROR;
				GCC_WARN_UNDECLARED_SELECTOR = YES;
				GCC_WARN_UNINITIALIZED_AUTOS = YES_AGGRESSIVE;
				GCC_WARN_UNUSED_FUNCTION = YES;
				GCC_WARN_UNUSED_VARIABLE = YES;
				IPHONEOS_DEPLOYMENT_TARGET = 15.2;
				MTL_ENABLE_DEBUG_INFO = INCLUDE_SOURCE;
				MTL_FAST_MATH = YES;
				ONLY_ACTIVE_ARCH = YES;
				SDKROOT = iphoneos;
				SWIFT_ACTIVE_COMPILATION_CONDITIONS = DEBUG;
				SWIFT_OPTIMIZATION_LEVEL = "-Onone";
			};
			name = Debug;
		};
		CBC244BC2823B3CD00BE1811 /* Release */ = {
			isa = XCBuildConfiguration;
			buildSettings = {
				ALWAYS_SEARCH_USER_PATHS = NO;
				CLANG_ANALYZER_NONNULL = YES;
				CLANG_ANALYZER_NUMBER_OBJECT_CONVERSION = YES_AGGRESSIVE;
				CLANG_CXX_LANGUAGE_STANDARD = "gnu++17";
				CLANG_CXX_LIBRARY = "libc++";
				CLANG_ENABLE_MODULES = YES;
				CLANG_ENABLE_OBJC_ARC = YES;
				CLANG_ENABLE_OBJC_WEAK = YES;
				CLANG_WARN_BLOCK_CAPTURE_AUTORELEASING = YES;
				CLANG_WARN_BOOL_CONVERSION = YES;
				CLANG_WARN_COMMA = YES;
				CLANG_WARN_CONSTANT_CONVERSION = YES;
				CLANG_WARN_DEPRECATED_OBJC_IMPLEMENTATIONS = YES;
				CLANG_WARN_DIRECT_OBJC_ISA_USAGE = YES_ERROR;
				CLANG_WARN_DOCUMENTATION_COMMENTS = YES;
				CLANG_WARN_EMPTY_BODY = YES;
				CLANG_WARN_ENUM_CONVERSION = YES;
				CLANG_WARN_INFINITE_RECURSION = YES;
				CLANG_WARN_INT_CONVERSION = YES;
				CLANG_WARN_NON_LITERAL_NULL_CONVERSION = YES;
				CLANG_WARN_OBJC_IMPLICIT_RETAIN_SELF = YES;
				CLANG_WARN_OBJC_LITERAL_CONVERSION = YES;
				CLANG_WARN_OBJC_ROOT_CLASS = YES_ERROR;
				CLANG_WARN_QUOTED_INCLUDE_IN_FRAMEWORK_HEADER = YES;
				CLANG_WARN_RANGE_LOOP_ANALYSIS = YES;
				CLANG_WARN_STRICT_PROTOTYPES = YES;
				CLANG_WARN_SUSPICIOUS_MOVE = YES;
				CLANG_WARN_UNGUARDED_AVAILABILITY = YES_AGGRESSIVE;
				CLANG_WARN_UNREACHABLE_CODE = YES;
				CLANG_WARN__DUPLICATE_METHOD_MATCH = YES;
				COPY_PHASE_STRIP = NO;
				DEBUG_INFORMATION_FORMAT = "dwarf-with-dsym";
				ENABLE_NS_ASSERTIONS = NO;
				ENABLE_STRICT_OBJC_MSGSEND = YES;
				GCC_C_LANGUAGE_STANDARD = gnu11;
				GCC_NO_COMMON_BLOCKS = YES;
				GCC_WARN_64_TO_32_BIT_CONVERSION = YES;
				GCC_WARN_ABOUT_RETURN_TYPE = YES_ERROR;
				GCC_WARN_UNDECLARED_SELECTOR = YES;
				GCC_WARN_UNINITIALIZED_AUTOS = YES_AGGRESSIVE;
				GCC_WARN_UNUSED_FUNCTION = YES;
				GCC_WARN_UNUSED_VARIABLE = YES;
				IPHONEOS_DEPLOYMENT_TARGET = 15.2;
				MTL_ENABLE_DEBUG_INFO = NO;
				MTL_FAST_MATH = YES;
				SDKROOT = iphoneos;
				SWIFT_COMPILATION_MODE = wholemodule;
				SWIFT_OPTIMIZATION_LEVEL = "-O";
				VALIDATE_PRODUCT = YES;
			};
			name = Release;
		};
		CBC244BE2823B3CD00BE1811 /* Debug */ = {
			isa = XCBuildConfiguration;
			buildSettings = {
				ASSETCATALOG_COMPILER_APPICON_NAME = AppIcon;
				ASSETCATALOG_COMPILER_GLOBAL_ACCENT_COLOR_NAME = AccentColor;
				CODE_SIGN_STYLE = Automatic;
				CURRENT_PROJECT_VERSION = 1;
				DEVELOPMENT_ASSET_PATHS = "\"GuessTheFlagMyProject/Preview Content\"";
				ENABLE_PREVIEWS = YES;
				GENERATE_INFOPLIST_FILE = YES;
				INFOPLIST_KEY_UIApplicationSceneManifest_Generation = YES;
				INFOPLIST_KEY_UIApplicationSupportsIndirectInputEvents = YES;
				INFOPLIST_KEY_UILaunchScreen_Generation = YES;
				INFOPLIST_KEY_UISupportedInterfaceOrientations_iPad = "UIInterfaceOrientationPortrait UIInterfaceOrientationPortraitUpsideDown UIInterfaceOrientationLandscapeLeft UIInterfaceOrientationLandscapeRight";
				INFOPLIST_KEY_UISupportedInterfaceOrientations_iPhone = "UIInterfaceOrientationPortrait UIInterfaceOrientationLandscapeLeft UIInterfaceOrientationLandscapeRight";
				LD_RUNPATH_SEARCH_PATHS = (
					"$(inherited)",
					"@executable_path/Frameworks",
				);
				MARKETING_VERSION = 1.0;
				PRODUCT_BUNDLE_IDENTIFIER = "Daniel-Klimchuk.GuessTheFlagMyProject";
				PRODUCT_NAME = "$(TARGET_NAME)";
				SWIFT_EMIT_LOC_STRINGS = YES;
				SWIFT_VERSION = 5.0;
				TARGETED_DEVICE_FAMILY = "1,2";
			};
			name = Debug;
		};
		CBC244BF2823B3CD00BE1811 /* Release */ = {
			isa = XCBuildConfiguration;
			buildSettings = {
				ASSETCATALOG_COMPILER_APPICON_NAME = AppIcon;
				ASSETCATALOG_COMPILER_GLOBAL_ACCENT_COLOR_NAME = AccentColor;
				CODE_SIGN_STYLE = Automatic;
				CURRENT_PROJECT_VERSION = 1;
				DEVELOPMENT_ASSET_PATHS = "\"GuessTheFlagMyProject/Preview Content\"";
				ENABLE_PREVIEWS = YES;
				GENERATE_INFOPLIST_FILE = YES;
				INFOPLIST_KEY_UIApplicationSceneManifest_Generation = YES;
				INFOPLIST_KEY_UIApplicationSupportsIndirectInputEvents = YES;
				INFOPLIST_KEY_UILaunchScreen_Generation = YES;
				INFOPLIST_KEY_UISupportedInterfaceOrientations_iPad = "UIInterfaceOrientationPortrait UIInterfaceOrientationPortraitUpsideDown UIInterfaceOrientationLandscapeLeft UIInterfaceOrientationLandscapeRight";
				INFOPLIST_KEY_UISupportedInterfaceOrientations_iPhone = "UIInterfaceOrientationPortrait UIInterfaceOrientationLandscapeLeft UIInterfaceOrientationLandscapeRight";
				LD_RUNPATH_SEARCH_PATHS = (
					"$(inherited)",
					"@executable_path/Frameworks",
				);
				MARKETING_VERSION = 1.0;
				PRODUCT_BUNDLE_IDENTIFIER = "Daniel-Klimchuk.GuessTheFlagMyProject";
				PRODUCT_NAME = "$(TARGET_NAME)";
				SWIFT_EMIT_LOC_STRINGS = YES;
				SWIFT_VERSION = 5.0;
				TARGETED_DEVICE_FAMILY = "1,2";
			};
			name = Release;
		};
		CBC244C12823B3CD00BE1811 /* Debug */ = {
			isa = XCBuildConfiguration;
			buildSettings = {
				ALWAYS_EMBED_SWIFT_STANDARD_LIBRARIES = YES;
				BUNDLE_LOADER = "$(TEST_HOST)";
				CODE_SIGN_STYLE = Automatic;
				CURRENT_PROJECT_VERSION = 1;
				GENERATE_INFOPLIST_FILE = YES;
				IPHONEOS_DEPLOYMENT_TARGET = 15.2;
				MARKETING_VERSION = 1.0;
				PRODUCT_BUNDLE_IDENTIFIER = "Daniel-Klimchuk.GuessTheFlagMyProjectTests";
				PRODUCT_NAME = "$(TARGET_NAME)";
				SWIFT_EMIT_LOC_STRINGS = NO;
				SWIFT_VERSION = 5.0;
				TARGETED_DEVICE_FAMILY = "1,2";
				TEST_HOST = "$(BUILT_PRODUCTS_DIR)/GuessTheFlagMyProject.app/GuessTheFlagMyProject";
			};
			name = Debug;
		};
		CBC244C22823B3CD00BE1811 /* Release */ = {
			isa = XCBuildConfiguration;
			buildSettings = {
				ALWAYS_EMBED_SWIFT_STANDARD_LIBRARIES = YES;
				BUNDLE_LOADER = "$(TEST_HOST)";
				CODE_SIGN_STYLE = Automatic;
				CURRENT_PROJECT_VERSION = 1;
				GENERATE_INFOPLIST_FILE = YES;
				IPHONEOS_DEPLOYMENT_TARGET = 15.2;
				MARKETING_VERSION = 1.0;
				PRODUCT_BUNDLE_IDENTIFIER = "Daniel-Klimchuk.GuessTheFlagMyProjectTests";
				PRODUCT_NAME = "$(TARGET_NAME)";
				SWIFT_EMIT_LOC_STRINGS = NO;
				SWIFT_VERSION = 5.0;
				TARGETED_DEVICE_FAMILY = "1,2";
				TEST_HOST = "$(BUILT_PRODUCTS_DIR)/GuessTheFlagMyProject.app/GuessTheFlagMyProject";
			};
			name = Release;
		};
		CBC244C42823B3CD00BE1811 /* Debug */ = {
			isa = XCBuildConfiguration;
			buildSettings = {
				ALWAYS_EMBED_SWIFT_STANDARD_LIBRARIES = YES;
				CODE_SIGN_STYLE = Automatic;
				CURRENT_PROJECT_VERSION = 1;
				GENERATE_INFOPLIST_FILE = YES;
				MARKETING_VERSION = 1.0;
				PRODUCT_BUNDLE_IDENTIFIER = "Daniel-Klimchuk.GuessTheFlagMyProjectUITests";
				PRODUCT_NAME = "$(TARGET_NAME)";
				SWIFT_EMIT_LOC_STRINGS = NO;
				SWIFT_VERSION = 5.0;
				TARGETED_DEVICE_FAMILY = "1,2";
				TEST_TARGET_NAME = GuessTheFlagMyProject;
			};
			name = Debug;
		};
		CBC244C52823B3CD00BE1811 /* Release */ = {
			isa = XCBuildConfiguration;
			buildSettings = {
				ALWAYS_EMBED_SWIFT_STANDARD_LIBRARIES = YES;
				CODE_SIGN_STYLE = Automatic;
				CURRENT_PROJECT_VERSION = 1;
				GENERATE_INFOPLIST_FILE = YES;
				MARKETING_VERSION = 1.0;
				PRODUCT_BUNDLE_IDENTIFIER = "Daniel-Klimchuk.GuessTheFlagMyProjectUITests";
				PRODUCT_NAME = "$(TARGET_NAME)";
				SWIFT_EMIT_LOC_STRINGS = NO;
				SWIFT_VERSION = 5.0;
				TARGETED_DEVICE_FAMILY = "1,2";
				TEST_TARGET_NAME = GuessTheFlagMyProject;
			};
			name = Release;
		};
/* End XCBuildConfiguration section */

/* Begin XCConfigurationList section */
		CBC244942823B3CA00BE1811 /* Build configuration list for PBXProject "GuessTheFlagMyProject" */ = {
			isa = XCConfigurationList;
			buildConfigurations = (
				CBC244BB2823B3CD00BE1811 /* Debug */,
				CBC244BC2823B3CD00BE1811 /* Release */,
			);
			defaultConfigurationIsVisible = 0;
			defaultConfigurationName = Release;
		};
		CBC244BD2823B3CD00BE1811 /* Build configuration list for PBXNativeTarget "GuessTheFlagMyProject" */ = {
			isa = XCConfigurationList;
			buildConfigurations = (
				CBC244BE2823B3CD00BE1811 /* Debug */,
				CBC244BF2823B3CD00BE1811 /* Release */,
			);
			defaultConfigurationIsVisible = 0;
			defaultConfigurationName = Release;
		};
		CBC244C02823B3CD00BE1811 /* Build configuration list for PBXNativeTarget "GuessTheFlagMyProjectTests" */ = {
			isa = XCConfigurationList;
			buildConfigurations = (
				CBC244C12823B3CD00BE1811 /* Debug */,
				CBC244C22823B3CD00BE1811 /* Release */,
			);
			defaultConfigurationIsVisible = 0;
			defaultConfigurationName = Release;
		};
		CBC244C32823B3CD00BE1811 /* Build configuration list for PBXNativeTarget "GuessTheFlagMyProjectUITests" */ = {
			isa = XCConfigurationList;
			buildConfigurations = (
				CBC244C42823B3CD00BE1811 /* Debug */,
				CBC244C52823B3CD00BE1811 /* Release */,
			);
			defaultConfigurationIsVisible = 0;
			defaultConfigurationName = Release;
		};
/* End XCConfigurationList section */
	};
	rootObject = CBC244912823B3CA00BE1811 /* Project object */;
}
