// !$*UTF8*$!
{
	archiveVersion = 1;
	classes = {
	};
	objectVersion = 55;
	objects = {

/* Begin PBXBuildFile section */
		CB4191B8282D528700FC25FD /* project4App.swift in Sources */ = {isa = PBXBuildFile; fileRef = CB4191B7282D528700FC25FD /* project4App.swift */; };
		CB4191BA282D528700FC25FD /* ContentView.swift in Sources */ = {isa = PBXBuildFile; fileRef = CB4191B9282D528700FC25FD /* ContentView.swift */; };
		CB4191BC282D528B00FC25FD /* Assets.xcassets in Resources */ = {isa = PBXBuildFile; fileRef = CB4191BB282D528B00FC25FD /* Assets.xcassets */; };
		CB4191BF282D528B00FC25FD /* Preview Assets.xcassets in Resources */ = {isa = PBXBuildFile; fileRef = CB4191BE282D528B00FC25FD /* Preview Assets.xcassets */; };
		CB4191C9282D528B00FC25FD /* project4Tests.swift in Sources */ = {isa = PBXBuildFile; fileRef = CB4191C8282D528B00FC25FD /* project4Tests.swift */; };
		CB4191D3282D528B00FC25FD /* project4UITests.swift in Sources */ = {isa = PBXBuildFile; fileRef = CB4191D2282D528B00FC25FD /* project4UITests.swift */; };
		CB4191D5282D528B00FC25FD /* project4UITestsLaunchTests.swift in Sources */ = {isa = PBXBuildFile; fileRef = CB4191D4282D528B00FC25FD /* project4UITestsLaunchTests.swift */; };
/* End PBXBuildFile section */

/* Begin PBXContainerItemProxy section */
		CB4191C5282D528B00FC25FD /* PBXContainerItemProxy */ = {
			isa = PBXContainerItemProxy;
			containerPortal = CB4191AC282D528700FC25FD /* Project object */;
			proxyType = 1;
			remoteGlobalIDString = CB4191B3282D528700FC25FD;
			remoteInfo = project4;
		};
		CB4191CF282D528B00FC25FD /* PBXContainerItemProxy */ = {
			isa = PBXContainerItemProxy;
			containerPortal = CB4191AC282D528700FC25FD /* Project object */;
			proxyType = 1;
			remoteGlobalIDString = CB4191B3282D528700FC25FD;
			remoteInfo = project4;
		};
/* End PBXContainerItemProxy section */

/* Begin PBXFileReference section */
		CB4191B4282D528700FC25FD /* project4.app */ = {isa = PBXFileReference; explicitFileType = wrapper.application; includeInIndex = 0; path = project4.app; sourceTree = BUILT_PRODUCTS_DIR; };
		CB4191B7282D528700FC25FD /* project4App.swift */ = {isa = PBXFileReference; lastKnownFileType = sourcecode.swift; path = project4App.swift; sourceTree = "<group>"; };
		CB4191B9282D528700FC25FD /* ContentView.swift */ = {isa = PBXFileReference; lastKnownFileType = sourcecode.swift; path = ContentView.swift; sourceTree = "<group>"; };
		CB4191BB282D528B00FC25FD /* Assets.xcassets */ = {isa = PBXFileReference; lastKnownFileType = folder.assetcatalog; path = Assets.xcassets; sourceTree = "<group>"; };
		CB4191BE282D528B00FC25FD /* Preview Assets.xcassets */ = {isa = PBXFileReference; lastKnownFileType = folder.assetcatalog; path = "Preview Assets.xcassets"; sourceTree = "<group>"; };
		CB4191C4282D528B00FC25FD /* project4Tests.xctest */ = {isa = PBXFileReference; explicitFileType = wrapper.cfbundle; includeInIndex = 0; path = project4Tests.xctest; sourceTree = BUILT_PRODUCTS_DIR; };
		CB4191C8282D528B00FC25FD /* project4Tests.swift */ = {isa = PBXFileReference; lastKnownFileType = sourcecode.swift; path = project4Tests.swift; sourceTree = "<group>"; };
		CB4191CE282D528B00FC25FD /* project4UITests.xctest */ = {isa = PBXFileReference; explicitFileType = wrapper.cfbundle; includeInIndex = 0; path = project4UITests.xctest; sourceTree = BUILT_PRODUCTS_DIR; };
		CB4191D2282D528B00FC25FD /* project4UITests.swift */ = {isa = PBXFileReference; lastKnownFileType = sourcecode.swift; path = project4UITests.swift; sourceTree = "<group>"; };
		CB4191D4282D528B00FC25FD /* project4UITestsLaunchTests.swift */ = {isa = PBXFileReference; lastKnownFileType = sourcecode.swift; path = project4UITestsLaunchTests.swift; sourceTree = "<group>"; };
/* End PBXFileReference section */

/* Begin PBXFrameworksBuildPhase section */
		CB4191B1282D528700FC25FD /* Frameworks */ = {
			isa = PBXFrameworksBuildPhase;
			buildActionMask = 2147483647;
			files = (
			);
			runOnlyForDeploymentPostprocessing = 0;
		};
		CB4191C1282D528B00FC25FD /* Frameworks */ = {
			isa = PBXFrameworksBuildPhase;
			buildActionMask = 2147483647;
			files = (
			);
			runOnlyForDeploymentPostprocessing = 0;
		};
		CB4191CB282D528B00FC25FD /* Frameworks */ = {
			isa = PBXFrameworksBuildPhase;
			buildActionMask = 2147483647;
			files = (
			);
			runOnlyForDeploymentPostprocessing = 0;
		};
/* End PBXFrameworksBuildPhase section */

/* Begin PBXGroup section */
		CB4191AB282D528700FC25FD = {
			isa = PBXGroup;
			children = (
				CB4191B6282D528700FC25FD /* project4 */,
				CB4191C7282D528B00FC25FD /* project4Tests */,
				CB4191D1282D528B00FC25FD /* project4UITests */,
				CB4191B5282D528700FC25FD /* Products */,
			);
			sourceTree = "<group>";
		};
		CB4191B5282D528700FC25FD /* Products */ = {
			isa = PBXGroup;
			children = (
				CB4191B4282D528700FC25FD /* project4.app */,
				CB4191C4282D528B00FC25FD /* project4Tests.xctest */,
				CB4191CE282D528B00FC25FD /* project4UITests.xctest */,
			);
			name = Products;
			sourceTree = "<group>";
		};
		CB4191B6282D528700FC25FD /* project4 */ = {
			isa = PBXGroup;
			children = (
				CB4191B7282D528700FC25FD /* project4App.swift */,
				CB4191B9282D528700FC25FD /* ContentView.swift */,
				CB4191BB282D528B00FC25FD /* Assets.xcassets */,
				CB4191BD282D528B00FC25FD /* Preview Content */,
			);
			path = project4;
			sourceTree = "<group>";
		};
		CB4191BD282D528B00FC25FD /* Preview Content */ = {
			isa = PBXGroup;
			children = (
				CB4191BE282D528B00FC25FD /* Preview Assets.xcassets */,
			);
			path = "Preview Content";
			sourceTree = "<group>";
		};
		CB4191C7282D528B00FC25FD /* project4Tests */ = {
			isa = PBXGroup;
			children = (
				CB4191C8282D528B00FC25FD /* project4Tests.swift */,
			);
			path = project4Tests;
			sourceTree = "<group>";
		};
		CB4191D1282D528B00FC25FD /* project4UITests */ = {
			isa = PBXGroup;
			children = (
				CB4191D2282D528B00FC25FD /* project4UITests.swift */,
				CB4191D4282D528B00FC25FD /* project4UITestsLaunchTests.swift */,
			);
			path = project4UITests;
			sourceTree = "<group>";
		};
/* End PBXGroup section */

/* Begin PBXNativeTarget section */
		CB4191B3282D528700FC25FD /* project4 */ = {
			isa = PBXNativeTarget;
			buildConfigurationList = CB4191D8282D528B00FC25FD /* Build configuration list for PBXNativeTarget "project4" */;
			buildPhases = (
				CB4191B0282D528700FC25FD /* Sources */,
				CB4191B1282D528700FC25FD /* Frameworks */,
				CB4191B2282D528700FC25FD /* Resources */,
			);
			buildRules = (
			);
			dependencies = (
			);
			name = project4;
			productName = project4;
			productReference = CB4191B4282D528700FC25FD /* project4.app */;
			productType = "com.apple.product-type.application";
		};
		CB4191C3282D528B00FC25FD /* project4Tests */ = {
			isa = PBXNativeTarget;
			buildConfigurationList = CB4191DB282D528B00FC25FD /* Build configuration list for PBXNativeTarget "project4Tests" */;
			buildPhases = (
				CB4191C0282D528B00FC25FD /* Sources */,
				CB4191C1282D528B00FC25FD /* Frameworks */,
				CB4191C2282D528B00FC25FD /* Resources */,
			);
			buildRules = (
			);
			dependencies = (
				CB4191C6282D528B00FC25FD /* PBXTargetDependency */,
			);
			name = project4Tests;
			productName = project4Tests;
			productReference = CB4191C4282D528B00FC25FD /* project4Tests.xctest */;
			productType = "com.apple.product-type.bundle.unit-test";
		};
		CB4191CD282D528B00FC25FD /* project4UITests */ = {
			isa = PBXNativeTarget;
			buildConfigurationList = CB4191DE282D528B00FC25FD /* Build configuration list for PBXNativeTarget "project4UITests" */;
			buildPhases = (
				CB4191CA282D528B00FC25FD /* Sources */,
				CB4191CB282D528B00FC25FD /* Frameworks */,
				CB4191CC282D528B00FC25FD /* Resources */,
			);
			buildRules = (
			);
			dependencies = (
				CB4191D0282D528B00FC25FD /* PBXTargetDependency */,
			);
			name = project4UITests;
			productName = project4UITests;
			productReference = CB4191CE282D528B00FC25FD /* project4UITests.xctest */;
			productType = "com.apple.product-type.bundle.ui-testing";
		};
/* End PBXNativeTarget section */

/* Begin PBXProject section */
		CB4191AC282D528700FC25FD /* Project object */ = {
			isa = PBXProject;
			attributes = {
				BuildIndependentTargetsInParallel = 1;
				LastSwiftUpdateCheck = 1320;
				LastUpgradeCheck = 1320;
				TargetAttributes = {
					CB4191B3282D528700FC25FD = {
						CreatedOnToolsVersion = 13.2.1;
					};
					CB4191C3282D528B00FC25FD = {
						CreatedOnToolsVersion = 13.2.1;
						TestTargetID = CB4191B3282D528700FC25FD;
					};
					CB4191CD282D528B00FC25FD = {
						CreatedOnToolsVersion = 13.2.1;
						TestTargetID = CB4191B3282D528700FC25FD;
					};
				};
			};
			buildConfigurationList = CB4191AF282D528700FC25FD /* Build configuration list for PBXProject "project4" */;
			compatibilityVersion = "Xcode 13.0";
			developmentRegion = en;
			hasScannedForEncodings = 0;
			knownRegions = (
				en,
				Base,
			);
			mainGroup = CB4191AB282D528700FC25FD;
			productRefGroup = CB4191B5282D528700FC25FD /* Products */;
			projectDirPath = "";
			projectRoot = "";
			targets = (
				CB4191B3282D528700FC25FD /* project4 */,
				CB4191C3282D528B00FC25FD /* project4Tests */,
				CB4191CD282D528B00FC25FD /* project4UITests */,
			);
		};
/* End PBXProject section */

/* Begin PBXResourcesBuildPhase section */
		CB4191B2282D528700FC25FD /* Resources */ = {
			isa = PBXResourcesBuildPhase;
			buildActionMask = 2147483647;
			files = (
				CB4191BF282D528B00FC25FD /* Preview Assets.xcassets in Resources */,
				CB4191BC282D528B00FC25FD /* Assets.xcassets in Resources */,
			);
			runOnlyForDeploymentPostprocessing = 0;
		};
		CB4191C2282D528B00FC25FD /* Resources */ = {
			isa = PBXResourcesBuildPhase;
			buildActionMask = 2147483647;
			files = (
			);
			runOnlyForDeploymentPostprocessing = 0;
		};
		CB4191CC282D528B00FC25FD /* Resources */ = {
			isa = PBXResourcesBuildPhase;
			buildActionMask = 2147483647;
			files = (
			);
			runOnlyForDeploymentPostprocessing = 0;
		};
/* End PBXResourcesBuildPhase section */

/* Begin PBXSourcesBuildPhase section */
		CB4191B0282D528700FC25FD /* Sources */ = {
			isa = PBXSourcesBuildPhase;
			buildActionMask = 2147483647;
			files = (
				CB4191BA282D528700FC25FD /* ContentView.swift in Sources */,
				CB4191B8282D528700FC25FD /* project4App.swift in Sources */,
			);
			runOnlyForDeploymentPostprocessing = 0;
		};
		CB4191C0282D528B00FC25FD /* Sources */ = {
			isa = PBXSourcesBuildPhase;
			buildActionMask = 2147483647;
			files = (
				CB4191C9282D528B00FC25FD /* project4Tests.swift in Sources */,
			);
			runOnlyForDeploymentPostprocessing = 0;
		};
		CB4191CA282D528B00FC25FD /* Sources */ = {
			isa = PBXSourcesBuildPhase;
			buildActionMask = 2147483647;
			files = (
				CB4191D5282D528B00FC25FD /* project4UITestsLaunchTests.swift in Sources */,
				CB4191D3282D528B00FC25FD /* project4UITests.swift in Sources */,
			);
			runOnlyForDeploymentPostprocessing = 0;
		};
/* End PBXSourcesBuildPhase section */

/* Begin PBXTargetDependency section */
		CB4191C6282D528B00FC25FD /* PBXTargetDependency */ = {
			isa = PBXTargetDependency;
			target = CB4191B3282D528700FC25FD /* project4 */;
			targetProxy = CB4191C5282D528B00FC25FD /* PBXContainerItemProxy */;
		};
		CB4191D0282D528B00FC25FD /* PBXTargetDependency */ = {
			isa = PBXTargetDependency;
			target = CB4191B3282D528700FC25FD /* project4 */;
			targetProxy = CB4191CF282D528B00FC25FD /* PBXContainerItemProxy */;
		};
/* End PBXTargetDependency section */

/* Begin XCBuildConfiguration section */
		CB4191D6282D528B00FC25FD /* Debug */ = {
			isa = XCBuildConfiguration;
			buildSettings = {
				ALWAYS_SEARCH_USER_PATHS = NO;
				CLANG_ANALYZER_NONNULL = YES;
				CLANG_ANALYZER_NUMBER_OBJECT_CONVERSION = YES_AGGRESSIVE;
				CLANG_CXX_LANGUAGE_STANDARD = "gnu++17";
				CLANG_CXX_LIBRARY = "libc++";
				CLANG_ENABLE_MODULES = YES;
				CLANG_ENABLE_OBJC_ARC = YES;
				CLANG_ENABLE_OBJC_WEAK = YES;
				CLANG_WARN_BLOCK_CAPTURE_AUTORELEASING = YES;
				CLANG_WARN_BOOL_CONVERSION = YES;
				CLANG_WARN_COMMA = YES;
				CLANG_WARN_CONSTANT_CONVERSION = YES;
				CLANG_WARN_DEPRECATED_OBJC_IMPLEMENTATIONS = YES;
				CLANG_WARN_DIRECT_OBJC_ISA_USAGE = YES_ERROR;
				CLANG_WARN_DOCUMENTATION_COMMENTS = YES;
				CLANG_WARN_EMPTY_BODY = YES;
				CLANG_WARN_ENUM_CONVERSION = YES;
				CLANG_WARN_INFINITE_RECURSION = YES;
				CLANG_WARN_INT_CONVERSION = YES;
				CLANG_WARN_NON_LITERAL_NULL_CONVERSION = YES;
				CLANG_WARN_OBJC_IMPLICIT_RETAIN_SELF = YES;
				CLANG_WARN_OBJC_LITERAL_CONVERSION = YES;
				CLANG_WARN_OBJC_ROOT_CLASS = YES_ERROR;
				CLANG_WARN_QUOTED_INCLUDE_IN_FRAMEWORK_HEADER = YES;
				CLANG_WARN_RANGE_LOOP_ANALYSIS = YES;
				CLANG_WARN_STRICT_PROTOTYPES = YES;
				CLANG_WARN_SUSPICIOUS_MOVE = YES;
				CLANG_WARN_UNGUARDED_AVAILABILITY = YES_AGGRESSIVE;
				CLANG_WARN_UNREACHABLE_CODE = YES;
				CLANG_WARN__DUPLICATE_METHOD_MATCH = YES;
				COPY_PHASE_STRIP = NO;
				DEBUG_INFORMATION_FORMAT = dwarf;
				ENABLE_STRICT_OBJC_MSGSEND = YES;
				ENABLE_TESTABILITY = YES;
				GCC_C_LANGUAGE_STANDARD = gnu11;
				GCC_DYNAMIC_NO_PIC = NO;
				GCC_NO_COMMON_BLOCKS = YES;
				GCC_OPTIMIZATION_LEVEL = 0;
				GCC_PREPROCESSOR_DEFINITIONS = (
					"DEBUG=1",
					"$(inherited)",
				);
				GCC_WARN_64_TO_32_BIT_CONVERSION = YES;
				GCC_WARN_ABOUT_RETURN_TYPE = YES_ERROR;
				GCC_WARN_UNDECLARED_SELECTOR = YES;
				GCC_WARN_UNINITIALIZED_AUTOS = YES_AGGRESSIVE;
				GCC_WARN_UNUSED_FUNCTION = YES;
				GCC_WARN_UNUSED_VARIABLE = YES;
				IPHONEOS_DEPLOYMENT_TARGET = 15.2;
				MTL_ENABLE_DEBUG_INFO = INCLUDE_SOURCE;
				MTL_FAST_MATH = YES;
				ONLY_ACTIVE_ARCH = YES;
				SDKROOT = iphoneos;
				SWIFT_ACTIVE_COMPILATION_CONDITIONS = DEBUG;
				SWIFT_OPTIMIZATION_LEVEL = "-Onone";
			};
			name = Debug;
		};
		CB4191D7282D528B00FC25FD /* Release */ = {
			isa = XCBuildConfiguration;
			buildSettings = {
				ALWAYS_SEARCH_USER_PATHS = NO;
				CLANG_ANALYZER_NONNULL = YES;
				CLANG_ANALYZER_NUMBER_OBJECT_CONVERSION = YES_AGGRESSIVE;
				CLANG_CXX_LANGUAGE_STANDARD = "gnu++17";
				CLANG_CXX_LIBRARY = "libc++";
				CLANG_ENABLE_MODULES = YES;
				CLANG_ENABLE_OBJC_ARC = YES;
				CLANG_ENABLE_OBJC_WEAK = YES;
				CLANG_WARN_BLOCK_CAPTURE_AUTORELEASING = YES;
				CLANG_WARN_BOOL_CONVERSION = YES;
				CLANG_WARN_COMMA = YES;
				CLANG_WARN_CONSTANT_CONVERSION = YES;
				CLANG_WARN_DEPRECATED_OBJC_IMPLEMENTATIONS = YES;
				CLANG_WARN_DIRECT_OBJC_ISA_USAGE = YES_ERROR;
				CLANG_WARN_DOCUMENTATION_COMMENTS = YES;
				CLANG_WARN_EMPTY_BODY = YES;
				CLANG_WARN_ENUM_CONVERSION = YES;
				CLANG_WARN_INFINITE_RECURSION = YES;
				CLANG_WARN_INT_CONVERSION = YES;
				CLANG_WARN_NON_LITERAL_NULL_CONVERSION = YES;
				CLANG_WARN_OBJC_IMPLICIT_RETAIN_SELF = YES;
				CLANG_WARN_OBJC_LITERAL_CONVERSION = YES;
				CLANG_WARN_OBJC_ROOT_CLASS = YES_ERROR;
				CLANG_WARN_QUOTED_INCLUDE_IN_FRAMEWORK_HEADER = YES;
				CLANG_WARN_RANGE_LOOP_ANALYSIS = YES;
				CLANG_WARN_STRICT_PROTOTYPES = YES;
				CLANG_WARN_SUSPICIOUS_MOVE = YES;
				CLANG_WARN_UNGUARDED_AVAILABILITY = YES_AGGRESSIVE;
				CLANG_WARN_UNREACHABLE_CODE = YES;
				CLANG_WARN__DUPLICATE_METHOD_MATCH = YES;
				COPY_PHASE_STRIP = NO;
				DEBUG_INFORMATION_FORMAT = "dwarf-with-dsym";
				ENABLE_NS_ASSERTIONS = NO;
				ENABLE_STRICT_OBJC_MSGSEND = YES;
				GCC_C_LANGUAGE_STANDARD = gnu11;
				GCC_NO_COMMON_BLOCKS = YES;
				GCC_WARN_64_TO_32_BIT_CONVERSION = YES;
				GCC_WARN_ABOUT_RETURN_TYPE = YES_ERROR;
				GCC_WARN_UNDECLARED_SELECTOR = YES;
				GCC_WARN_UNINITIALIZED_AUTOS = YES_AGGRESSIVE;
				GCC_WARN_UNUSED_FUNCTION = YES;
				GCC_WARN_UNUSED_VARIABLE = YES;
				IPHONEOS_DEPLOYMENT_TARGET = 15.2;
				MTL_ENABLE_DEBUG_INFO = NO;
				MTL_FAST_MATH = YES;
				SDKROOT = iphoneos;
				SWIFT_COMPILATION_MODE = wholemodule;
				SWIFT_OPTIMIZATION_LEVEL = "-O";
				VALIDATE_PRODUCT = YES;
			};
			name = Release;
		};
		CB4191D9282D528B00FC25FD /* Debug */ = {
			isa = XCBuildConfiguration;
			buildSettings = {
				ASSETCATALOG_COMPILER_APPICON_NAME = AppIcon;
				ASSETCATALOG_COMPILER_GLOBAL_ACCENT_COLOR_NAME = AccentColor;
				CODE_SIGN_STYLE = Automatic;
				CURRENT_PROJECT_VERSION = 1;
				DEVELOPMENT_ASSET_PATHS = "\"project4/Preview Content\"";
				ENABLE_PREVIEWS = YES;
				GENERATE_INFOPLIST_FILE = YES;
				INFOPLIST_KEY_UIApplicationSceneManifest_Generation = YES;
				INFOPLIST_KEY_UIApplicationSupportsIndirectInputEvents = YES;
				INFOPLIST_KEY_UILaunchScreen_Generation = YES;
				INFOPLIST_KEY_UISupportedInterfaceOrientations_iPad = "UIInterfaceOrientationPortrait UIInterfaceOrientationPortraitUpsideDown UIInterfaceOrientationLandscapeLeft UIInterfaceOrientationLandscapeRight";
				INFOPLIST_KEY_UISupportedInterfaceOrientations_iPhone = "UIInterfaceOrientationPortrait UIInterfaceOrientationLandscapeLeft UIInterfaceOrientationLandscapeRight";
				LD_RUNPATH_SEARCH_PATHS = (
					"$(inherited)",
					"@executable_path/Frameworks",
				);
				MARKETING_VERSION = 1.0;
				PRODUCT_BUNDLE_IDENTIFIER = "Daniel-Klimchuk.project4";
				PRODUCT_NAME = "$(TARGET_NAME)";
				SWIFT_EMIT_LOC_STRINGS = YES;
				SWIFT_VERSION = 5.0;
				TARGETED_DEVICE_FAMILY = "1,2";
			};
			name = Debug;
		};
		CB4191DA282D528B00FC25FD /* Release */ = {
			isa = XCBuildConfiguration;
			buildSettings = {
				ASSETCATALOG_COMPILER_APPICON_NAME = AppIcon;
				ASSETCATALOG_COMPILER_GLOBAL_ACCENT_COLOR_NAME = AccentColor;
				CODE_SIGN_STYLE = Automatic;
				CURRENT_PROJECT_VERSION = 1;
				DEVELOPMENT_ASSET_PATHS = "\"project4/Preview Content\"";
				ENABLE_PREVIEWS = YES;
				GENERATE_INFOPLIST_FILE = YES;
				INFOPLIST_KEY_UIApplicationSceneManifest_Generation = YES;
				INFOPLIST_KEY_UIApplicationSupportsIndirectInputEvents = YES;
				INFOPLIST_KEY_UILaunchScreen_Generation = YES;
				INFOPLIST_KEY_UISupportedInterfaceOrientations_iPad = "UIInterfaceOrientationPortrait UIInterfaceOrientationPortraitUpsideDown UIInterfaceOrientationLandscapeLeft UIInterfaceOrientationLandscapeRight";
				INFOPLIST_KEY_UISupportedInterfaceOrientations_iPhone = "UIInterfaceOrientationPortrait UIInterfaceOrientationLandscapeLeft UIInterfaceOrientationLandscapeRight";
				LD_RUNPATH_SEARCH_PATHS = (
					"$(inherited)",
					"@executable_path/Frameworks",
				);
				MARKETING_VERSION = 1.0;
				PRODUCT_BUNDLE_IDENTIFIER = "Daniel-Klimchuk.project4";
				PRODUCT_NAME = "$(TARGET_NAME)";
				SWIFT_EMIT_LOC_STRINGS = YES;
				SWIFT_VERSION = 5.0;
				TARGETED_DEVICE_FAMILY = "1,2";
			};
			name = Release;
		};
		CB4191DC282D528B00FC25FD /* Debug */ = {
			isa = XCBuildConfiguration;
			buildSettings = {
				ALWAYS_EMBED_SWIFT_STANDARD_LIBRARIES = YES;
				BUNDLE_LOADER = "$(TEST_HOST)";
				CODE_SIGN_STYLE = Automatic;
				CURRENT_PROJECT_VERSION = 1;
				GENERATE_INFOPLIST_FILE = YES;
				IPHONEOS_DEPLOYMENT_TARGET = 15.2;
				MARKETING_VERSION = 1.0;
				PRODUCT_BUNDLE_IDENTIFIER = "Daniel-Klimchuk.project4Tests";
				PRODUCT_NAME = "$(TARGET_NAME)";
				SWIFT_EMIT_LOC_STRINGS = NO;
				SWIFT_VERSION = 5.0;
				TARGETED_DEVICE_FAMILY = "1,2";
				TEST_HOST = "$(BUILT_PRODUCTS_DIR)/project4.app/project4";
			};
			name = Debug;
		};
		CB4191DD282D528B00FC25FD /* Release */ = {
			isa = XCBuildConfiguration;
			buildSettings = {
				ALWAYS_EMBED_SWIFT_STANDARD_LIBRARIES = YES;
				BUNDLE_LOADER = "$(TEST_HOST)";
				CODE_SIGN_STYLE = Automatic;
				CURRENT_PROJECT_VERSION = 1;
				GENERATE_INFOPLIST_FILE = YES;
				IPHONEOS_DEPLOYMENT_TARGET = 15.2;
				MARKETING_VERSION = 1.0;
				PRODUCT_BUNDLE_IDENTIFIER = "Daniel-Klimchuk.project4Tests";
				PRODUCT_NAME = "$(TARGET_NAME)";
				SWIFT_EMIT_LOC_STRINGS = NO;
				SWIFT_VERSION = 5.0;
				TARGETED_DEVICE_FAMILY = "1,2";
				TEST_HOST = "$(BUILT_PRODUCTS_DIR)/project4.app/project4";
			};
			name = Release;
		};
		CB4191DF282D528B00FC25FD /* Debug */ = {
			isa = XCBuildConfiguration;
			buildSettings = {
				ALWAYS_EMBED_SWIFT_STANDARD_LIBRARIES = YES;
				CODE_SIGN_STYLE = Automatic;
				CURRENT_PROJECT_VERSION = 1;
				GENERATE_INFOPLIST_FILE = YES;
				MARKETING_VERSION = 1.0;
				PRODUCT_BUNDLE_IDENTIFIER = "Daniel-Klimchuk.project4UITests";
				PRODUCT_NAME = "$(TARGET_NAME)";
				SWIFT_EMIT_LOC_STRINGS = NO;
				SWIFT_VERSION = 5.0;
				TARGETED_DEVICE_FAMILY = "1,2";
				TEST_TARGET_NAME = project4;
			};
			name = Debug;
		};
		CB4191E0282D528B00FC25FD /* Release */ = {
			isa = XCBuildConfiguration;
			buildSettings = {
				ALWAYS_EMBED_SWIFT_STANDARD_LIBRARIES = YES;
				CODE_SIGN_STYLE = Automatic;
				CURRENT_PROJECT_VERSION = 1;
				GENERATE_INFOPLIST_FILE = YES;
				MARKETING_VERSION = 1.0;
				PRODUCT_BUNDLE_IDENTIFIER = "Daniel-Klimchuk.project4UITests";
				PRODUCT_NAME = "$(TARGET_NAME)";
				SWIFT_EMIT_LOC_STRINGS = NO;
				SWIFT_VERSION = 5.0;
				TARGETED_DEVICE_FAMILY = "1,2";
				TEST_TARGET_NAME = project4;
			};
			name = Release;
		};
/* End XCBuildConfiguration section */

/* Begin XCConfigurationList section */
		CB4191AF282D528700FC25FD /* Build configuration list for PBXProject "project4" */ = {
			isa = XCConfigurationList;
			buildConfigurations = (
				CB4191D6282D528B00FC25FD /* Debug */,
				CB4191D7282D528B00FC25FD /* Release */,
			);
			defaultConfigurationIsVisible = 0;
			defaultConfigurationName = Release;
		};
		CB4191D8282D528B00FC25FD /* Build configuration list for PBXNativeTarget "project4" */ = {
			isa = XCConfigurationList;
			buildConfigurations = (
				CB4191D9282D528B00FC25FD /* Debug */,
				CB4191DA282D528B00FC25FD /* Release */,
			);
			defaultConfigurationIsVisible = 0;
			defaultConfigurationName = Release;
		};
		CB4191DB282D528B00FC25FD /* Build configuration list for PBXNativeTarget "project4Tests" */ = {
			isa = XCConfigurationList;
			buildConfigurations = (
				CB4191DC282D528B00FC25FD /* Debug */,
				CB4191DD282D528B00FC25FD /* Release */,
			);
			defaultConfigurationIsVisible = 0;
			defaultConfigurationName = Release;
		};
		CB4191DE282D528B00FC25FD /* Build configuration list for PBXNativeTarget "project4UITests" */ = {
			isa = XCConfigurationList;
			buildConfigurations = (
				CB4191DF282D528B00FC25FD /* Debug */,
				CB4191E0282D528B00FC25FD /* Release */,
			);
			defaultConfigurationIsVisible = 0;
			defaultConfigurationName = Release;
		};
/* End XCConfigurationList section */
	};
	rootObject = CB4191AC282D528700FC25FD /* Project object */;
}
