// !$*UTF8*$!
{
	archiveVersion = 1;
	classes = {
	};
	objectVersion = 55;
	objects = {

/* Begin PBXBuildFile section */
		CB3032F1284C0B480073C9A8 /* Form_codeacadamyApp.swift in Sources */ = {isa = PBXBuildFile; fileRef = CB3032F0284C0B480073C9A8 /* Form_codeacadamyApp.swift */; };
		CB3032F3284C0B480073C9A8 /* ContentView.swift in Sources */ = {isa = PBXBuildFile; fileRef = CB3032F2284C0B480073C9A8 /* ContentView.swift */; };
		CB3032F5284C0B4D0073C9A8 /* Assets.xcassets in Resources */ = {isa = PBXBuildFile; fileRef = CB3032F4284C0B4D0073C9A8 /* Assets.xcassets */; };
		CB3032F8284C0B4D0073C9A8 /* Preview Assets.xcassets in Resources */ = {isa = PBXBuildFile; fileRef = CB3032F7284C0B4D0073C9A8 /* Preview Assets.xcassets */; };
		CB303302284C0B4E0073C9A8 /* Form_codeacadamyTests.swift in Sources */ = {isa = PBXBuildFile; fileRef = CB303301284C0B4E0073C9A8 /* Form_codeacadamyTests.swift */; };
		CB30330C284C0B4E0073C9A8 /* Form_codeacadamyUITests.swift in Sources */ = {isa = PBXBuildFile; fileRef = CB30330B284C0B4E0073C9A8 /* Form_codeacadamyUITests.swift */; };
		CB30330E284C0B4E0073C9A8 /* Form_codeacadamyUITestsLaunchTests.swift in Sources */ = {isa = PBXBuildFile; fileRef = CB30330D284C0B4E0073C9A8 /* Form_codeacadamyUITestsLaunchTests.swift */; };
/* End PBXBuildFile section */

/* Begin PBXContainerItemProxy section */
		CB3032FE284C0B4E0073C9A8 /* PBXContainerItemProxy */ = {
			isa = PBXContainerItemProxy;
			containerPortal = CB3032E5284C0B480073C9A8 /* Project object */;
			proxyType = 1;
			remoteGlobalIDString = CB3032EC284C0B480073C9A8;
			remoteInfo = "Form codeacadamy";
		};
		CB303308284C0B4E0073C9A8 /* PBXContainerItemProxy */ = {
			isa = PBXContainerItemProxy;
			containerPortal = CB3032E5284C0B480073C9A8 /* Project object */;
			proxyType = 1;
			remoteGlobalIDString = CB3032EC284C0B480073C9A8;
			remoteInfo = "Form codeacadamy";
		};
/* End PBXContainerItemProxy section */

/* Begin PBXFileReference section */
		CB3032ED284C0B480073C9A8 /* Form codeacadamy.app */ = {isa = PBXFileReference; explicitFileType = wrapper.application; includeInIndex = 0; path = "Form codeacadamy.app"; sourceTree = BUILT_PRODUCTS_DIR; };
		CB3032F0284C0B480073C9A8 /* Form_codeacadamyApp.swift */ = {isa = PBXFileReference; lastKnownFileType = sourcecode.swift; path = Form_codeacadamyApp.swift; sourceTree = "<group>"; };
		CB3032F2284C0B480073C9A8 /* ContentView.swift */ = {isa = PBXFileReference; lastKnownFileType = sourcecode.swift; path = ContentView.swift; sourceTree = "<group>"; };
		CB3032F4284C0B4D0073C9A8 /* Assets.xcassets */ = {isa = PBXFileReference; lastKnownFileType = folder.assetcatalog; path = Assets.xcassets; sourceTree = "<group>"; };
		CB3032F7284C0B4D0073C9A8 /* Preview Assets.xcassets */ = {isa = PBXFileReference; lastKnownFileType = folder.assetcatalog; path = "Preview Assets.xcassets"; sourceTree = "<group>"; };
		CB3032FD284C0B4E0073C9A8 /* Form codeacadamyTests.xctest */ = {isa = PBXFileReference; explicitFileType = wrapper.cfbundle; includeInIndex = 0; path = "Form codeacadamyTests.xctest"; sourceTree = BUILT_PRODUCTS_DIR; };
		CB303301284C0B4E0073C9A8 /* Form_codeacadamyTests.swift */ = {isa = PBXFileReference; lastKnownFileType = sourcecode.swift; path = Form_codeacadamyTests.swift; sourceTree = "<group>"; };
		CB303307284C0B4E0073C9A8 /* Form codeacadamyUITests.xctest */ = {isa = PBXFileReference; explicitFileType = wrapper.cfbundle; includeInIndex = 0; path = "Form codeacadamyUITests.xctest"; sourceTree = BUILT_PRODUCTS_DIR; };
		CB30330B284C0B4E0073C9A8 /* Form_codeacadamyUITests.swift */ = {isa = PBXFileReference; lastKnownFileType = sourcecode.swift; path = Form_codeacadamyUITests.swift; sourceTree = "<group>"; };
		CB30330D284C0B4E0073C9A8 /* Form_codeacadamyUITestsLaunchTests.swift */ = {isa = PBXFileReference; lastKnownFileType = sourcecode.swift; path = Form_codeacadamyUITestsLaunchTests.swift; sourceTree = "<group>"; };
/* End PBXFileReference section */

/* Begin PBXFrameworksBuildPhase section */
		CB3032EA284C0B480073C9A8 /* Frameworks */ = {
			isa = PBXFrameworksBuildPhase;
			buildActionMask = 2147483647;
			files = (
			);
			runOnlyForDeploymentPostprocessing = 0;
		};
		CB3032FA284C0B4E0073C9A8 /* Frameworks */ = {
			isa = PBXFrameworksBuildPhase;
			buildActionMask = 2147483647;
			files = (
			);
			runOnlyForDeploymentPostprocessing = 0;
		};
		CB303304284C0B4E0073C9A8 /* Frameworks */ = {
			isa = PBXFrameworksBuildPhase;
			buildActionMask = 2147483647;
			files = (
			);
			runOnlyForDeploymentPostprocessing = 0;
		};
/* End PBXFrameworksBuildPhase section */

/* Begin PBXGroup section */
		CB3032E4284C0B480073C9A8 = {
			isa = PBXGroup;
			children = (
				CB3032EF284C0B480073C9A8 /* Form codeacadamy */,
				CB303300284C0B4E0073C9A8 /* Form codeacadamyTests */,
				CB30330A284C0B4E0073C9A8 /* Form codeacadamyUITests */,
				CB3032EE284C0B480073C9A8 /* Products */,
			);
			sourceTree = "<group>";
		};
		CB3032EE284C0B480073C9A8 /* Products */ = {
			isa = PBXGroup;
			children = (
				CB3032ED284C0B480073C9A8 /* Form codeacadamy.app */,
				CB3032FD284C0B4E0073C9A8 /* Form codeacadamyTests.xctest */,
				CB303307284C0B4E0073C9A8 /* Form codeacadamyUITests.xctest */,
			);
			name = Products;
			sourceTree = "<group>";
		};
		CB3032EF284C0B480073C9A8 /* Form codeacadamy */ = {
			isa = PBXGroup;
			children = (
				CB3032F0284C0B480073C9A8 /* Form_codeacadamyApp.swift */,
				CB3032F2284C0B480073C9A8 /* ContentView.swift */,
				CB3032F4284C0B4D0073C9A8 /* Assets.xcassets */,
				CB3032F6284C0B4D0073C9A8 /* Preview Content */,
			);
			path = "Form codeacadamy";
			sourceTree = "<group>";
		};
		CB3032F6284C0B4D0073C9A8 /* Preview Content */ = {
			isa = PBXGroup;
			children = (
				CB3032F7284C0B4D0073C9A8 /* Preview Assets.xcassets */,
			);
			path = "Preview Content";
			sourceTree = "<group>";
		};
		CB303300284C0B4E0073C9A8 /* Form codeacadamyTests */ = {
			isa = PBXGroup;
			children = (
				CB303301284C0B4E0073C9A8 /* Form_codeacadamyTests.swift */,
			);
			path = "Form codeacadamyTests";
			sourceTree = "<group>";
		};
		CB30330A284C0B4E0073C9A8 /* Form codeacadamyUITests */ = {
			isa = PBXGroup;
			children = (
				CB30330B284C0B4E0073C9A8 /* Form_codeacadamyUITests.swift */,
				CB30330D284C0B4E0073C9A8 /* Form_codeacadamyUITestsLaunchTests.swift */,
			);
			path = "Form codeacadamyUITests";
			sourceTree = "<group>";
		};
/* End PBXGroup section */

/* Begin PBXNativeTarget section */
		CB3032EC284C0B480073C9A8 /* Form codeacadamy */ = {
			isa = PBXNativeTarget;
			buildConfigurationList = CB303311284C0B4E0073C9A8 /* Build configuration list for PBXNativeTarget "Form codeacadamy" */;
			buildPhases = (
				CB3032E9284C0B480073C9A8 /* Sources */,
				CB3032EA284C0B480073C9A8 /* Frameworks */,
				CB3032EB284C0B480073C9A8 /* Resources */,
			);
			buildRules = (
			);
			dependencies = (
			);
			name = "Form codeacadamy";
			productName = "Form codeacadamy";
			productReference = CB3032ED284C0B480073C9A8 /* Form codeacadamy.app */;
			productType = "com.apple.product-type.application";
		};
		CB3032FC284C0B4E0073C9A8 /* Form codeacadamyTests */ = {
			isa = PBXNativeTarget;
			buildConfigurationList = CB303314284C0B4E0073C9A8 /* Build configuration list for PBXNativeTarget "Form codeacadamyTests" */;
			buildPhases = (
				CB3032F9284C0B4E0073C9A8 /* Sources */,
				CB3032FA284C0B4E0073C9A8 /* Frameworks */,
				CB3032FB284C0B4E0073C9A8 /* Resources */,
			);
			buildRules = (
			);
			dependencies = (
				CB3032FF284C0B4E0073C9A8 /* PBXTargetDependency */,
			);
			name = "Form codeacadamyTests";
			productName = "Form codeacadamyTests";
			productReference = CB3032FD284C0B4E0073C9A8 /* Form codeacadamyTests.xctest */;
			productType = "com.apple.product-type.bundle.unit-test";
		};
		CB303306284C0B4E0073C9A8 /* Form codeacadamyUITests */ = {
			isa = PBXNativeTarget;
			buildConfigurationList = CB303317284C0B4E0073C9A8 /* Build configuration list for PBXNativeTarget "Form codeacadamyUITests" */;
			buildPhases = (
				CB303303284C0B4E0073C9A8 /* Sources */,
				CB303304284C0B4E0073C9A8 /* Frameworks */,
				CB303305284C0B4E0073C9A8 /* Resources */,
			);
			buildRules = (
			);
			dependencies = (
				CB303309284C0B4E0073C9A8 /* PBXTargetDependency */,
			);
			name = "Form codeacadamyUITests";
			productName = "Form codeacadamyUITests";
			productReference = CB303307284C0B4E0073C9A8 /* Form codeacadamyUITests.xctest */;
			productType = "com.apple.product-type.bundle.ui-testing";
		};
/* End PBXNativeTarget section */

/* Begin PBXProject section */
		CB3032E5284C0B480073C9A8 /* Project object */ = {
			isa = PBXProject;
			attributes = {
				BuildIndependentTargetsInParallel = 1;
				LastSwiftUpdateCheck = 1320;
				LastUpgradeCheck = 1320;
				TargetAttributes = {
					CB3032EC284C0B480073C9A8 = {
						CreatedOnToolsVersion = 13.2.1;
					};
					CB3032FC284C0B4E0073C9A8 = {
						CreatedOnToolsVersion = 13.2.1;
						TestTargetID = CB3032EC284C0B480073C9A8;
					};
					CB303306284C0B4E0073C9A8 = {
						CreatedOnToolsVersion = 13.2.1;
						TestTargetID = CB3032EC284C0B480073C9A8;
					};
				};
			};
			buildConfigurationList = CB3032E8284C0B480073C9A8 /* Build configuration list for PBXProject "Form codeacadamy" */;
			compatibilityVersion = "Xcode 13.0";
			developmentRegion = en;
			hasScannedForEncodings = 0;
			knownRegions = (
				en,
				Base,
			);
			mainGroup = CB3032E4284C0B480073C9A8;
			productRefGroup = CB3032EE284C0B480073C9A8 /* Products */;
			projectDirPath = "";
			projectRoot = "";
			targets = (
				CB3032EC284C0B480073C9A8 /* Form codeacadamy */,
				CB3032FC284C0B4E0073C9A8 /* Form codeacadamyTests */,
				CB303306284C0B4E0073C9A8 /* Form codeacadamyUITests */,
			);
		};
/* End PBXProject section */

/* Begin PBXResourcesBuildPhase section */
		CB3032EB284C0B480073C9A8 /* Resources */ = {
			isa = PBXResourcesBuildPhase;
			buildActionMask = 2147483647;
			files = (
				CB3032F8284C0B4D0073C9A8 /* Preview Assets.xcassets in Resources */,
				CB3032F5284C0B4D0073C9A8 /* Assets.xcassets in Resources */,
			);
			runOnlyForDeploymentPostprocessing = 0;
		};
		CB3032FB284C0B4E0073C9A8 /* Resources */ = {
			isa = PBXResourcesBuildPhase;
			buildActionMask = 2147483647;
			files = (
			);
			runOnlyForDeploymentPostprocessing = 0;
		};
		CB303305284C0B4E0073C9A8 /* Resources */ = {
			isa = PBXResourcesBuildPhase;
			buildActionMask = 2147483647;
			files = (
			);
			runOnlyForDeploymentPostprocessing = 0;
		};
/* End PBXResourcesBuildPhase section */

/* Begin PBXSourcesBuildPhase section */
		CB3032E9284C0B480073C9A8 /* Sources */ = {
			isa = PBXSourcesBuildPhase;
			buildActionMask = 2147483647;
			files = (
				CB3032F3284C0B480073C9A8 /* ContentView.swift in Sources */,
				CB3032F1284C0B480073C9A8 /* Form_codeacadamyApp.swift in Sources */,
			);
			runOnlyForDeploymentPostprocessing = 0;
		};
		CB3032F9284C0B4E0073C9A8 /* Sources */ = {
			isa = PBXSourcesBuildPhase;
			buildActionMask = 2147483647;
			files = (
				CB303302284C0B4E0073C9A8 /* Form_codeacadamyTests.swift in Sources */,
			);
			runOnlyForDeploymentPostprocessing = 0;
		};
		CB303303284C0B4E0073C9A8 /* Sources */ = {
			isa = PBXSourcesBuildPhase;
			buildActionMask = 2147483647;
			files = (
				CB30330E284C0B4E0073C9A8 /* Form_codeacadamyUITestsLaunchTests.swift in Sources */,
				CB30330C284C0B4E0073C9A8 /* Form_codeacadamyUITests.swift in Sources */,
			);
			runOnlyForDeploymentPostprocessing = 0;
		};
/* End PBXSourcesBuildPhase section */

/* Begin PBXTargetDependency section */
		CB3032FF284C0B4E0073C9A8 /* PBXTargetDependency */ = {
			isa = PBXTargetDependency;
			target = CB3032EC284C0B480073C9A8 /* Form codeacadamy */;
			targetProxy = CB3032FE284C0B4E0073C9A8 /* PBXContainerItemProxy */;
		};
		CB303309284C0B4E0073C9A8 /* PBXTargetDependency */ = {
			isa = PBXTargetDependency;
			target = CB3032EC284C0B480073C9A8 /* Form codeacadamy */;
			targetProxy = CB303308284C0B4E0073C9A8 /* PBXContainerItemProxy */;
		};
/* End PBXTargetDependency section */

/* Begin XCBuildConfiguration section */
		CB30330F284C0B4E0073C9A8 /* Debug */ = {
			isa = XCBuildConfiguration;
			buildSettings = {
				ALWAYS_SEARCH_USER_PATHS = NO;
				CLANG_ANALYZER_NONNULL = YES;
				CLANG_ANALYZER_NUMBER_OBJECT_CONVERSION = YES_AGGRESSIVE;
				CLANG_CXX_LANGUAGE_STANDARD = "gnu++17";
				CLANG_CXX_LIBRARY = "libc++";
				CLANG_ENABLE_MODULES = YES;
				CLANG_ENABLE_OBJC_ARC = YES;
				CLANG_ENABLE_OBJC_WEAK = YES;
				CLANG_WARN_BLOCK_CAPTURE_AUTORELEASING = YES;
				CLANG_WARN_BOOL_CONVERSION = YES;
				CLANG_WARN_COMMA = YES;
				CLANG_WARN_CONSTANT_CONVERSION = YES;
				CLANG_WARN_DEPRECATED_OBJC_IMPLEMENTATIONS = YES;
				CLANG_WARN_DIRECT_OBJC_ISA_USAGE = YES_ERROR;
				CLANG_WARN_DOCUMENTATION_COMMENTS = YES;
				CLANG_WARN_EMPTY_BODY = YES;
				CLANG_WARN_ENUM_CONVERSION = YES;
				CLANG_WARN_INFINITE_RECURSION = YES;
				CLANG_WARN_INT_CONVERSION = YES;
				CLANG_WARN_NON_LITERAL_NULL_CONVERSION = YES;
				CLANG_WARN_OBJC_IMPLICIT_RETAIN_SELF = YES;
				CLANG_WARN_OBJC_LITERAL_CONVERSION = YES;
				CLANG_WARN_OBJC_ROOT_CLASS = YES_ERROR;
				CLANG_WARN_QUOTED_INCLUDE_IN_FRAMEWORK_HEADER = YES;
				CLANG_WARN_RANGE_LOOP_ANALYSIS = YES;
				CLANG_WARN_STRICT_PROTOTYPES = YES;
				CLANG_WARN_SUSPICIOUS_MOVE = YES;
				CLANG_WARN_UNGUARDED_AVAILABILITY = YES_AGGRESSIVE;
				CLANG_WARN_UNREACHABLE_CODE = YES;
				CLANG_WARN__DUPLICATE_METHOD_MATCH = YES;
				COPY_PHASE_STRIP = NO;
				DEBUG_INFORMATION_FORMAT = dwarf;
				ENABLE_STRICT_OBJC_MSGSEND = YES;
				ENABLE_TESTABILITY = YES;
				GCC_C_LANGUAGE_STANDARD = gnu11;
				GCC_DYNAMIC_NO_PIC = NO;
				GCC_NO_COMMON_BLOCKS = YES;
				GCC_OPTIMIZATION_LEVEL = 0;
				GCC_PREPROCESSOR_DEFINITIONS = (
					"DEBUG=1",
					"$(inherited)",
				);
				GCC_WARN_64_TO_32_BIT_CONVERSION = YES;
				GCC_WARN_ABOUT_RETURN_TYPE = YES_ERROR;
				GCC_WARN_UNDECLARED_SELECTOR = YES;
				GCC_WARN_UNINITIALIZED_AUTOS = YES_AGGRESSIVE;
				GCC_WARN_UNUSED_FUNCTION = YES;
				GCC_WARN_UNUSED_VARIABLE = YES;
				IPHONEOS_DEPLOYMENT_TARGET = 15.2;
				MTL_ENABLE_DEBUG_INFO = INCLUDE_SOURCE;
				MTL_FAST_MATH = YES;
				ONLY_ACTIVE_ARCH = YES;
				SDKROOT = iphoneos;
				SWIFT_ACTIVE_COMPILATION_CONDITIONS = DEBUG;
				SWIFT_OPTIMIZATION_LEVEL = "-Onone";
			};
			name = Debug;
		};
		CB303310284C0B4E0073C9A8 /* Release */ = {
			isa = XCBuildConfiguration;
			buildSettings = {
				ALWAYS_SEARCH_USER_PATHS = NO;
				CLANG_ANALYZER_NONNULL = YES;
				CLANG_ANALYZER_NUMBER_OBJECT_CONVERSION = YES_AGGRESSIVE;
				CLANG_CXX_LANGUAGE_STANDARD = "gnu++17";
				CLANG_CXX_LIBRARY = "libc++";
				CLANG_ENABLE_MODULES = YES;
				CLANG_ENABLE_OBJC_ARC = YES;
				CLANG_ENABLE_OBJC_WEAK = YES;
				CLANG_WARN_BLOCK_CAPTURE_AUTORELEASING = YES;
				CLANG_WARN_BOOL_CONVERSION = YES;
				CLANG_WARN_COMMA = YES;
				CLANG_WARN_CONSTANT_CONVERSION = YES;
				CLANG_WARN_DEPRECATED_OBJC_IMPLEMENTATIONS = YES;
				CLANG_WARN_DIRECT_OBJC_ISA_USAGE = YES_ERROR;
				CLANG_WARN_DOCUMENTATION_COMMENTS = YES;
				CLANG_WARN_EMPTY_BODY = YES;
				CLANG_WARN_ENUM_CONVERSION = YES;
				CLANG_WARN_INFINITE_RECURSION = YES;
				CLANG_WARN_INT_CONVERSION = YES;
				CLANG_WARN_NON_LITERAL_NULL_CONVERSION = YES;
				CLANG_WARN_OBJC_IMPLICIT_RETAIN_SELF = YES;
				CLANG_WARN_OBJC_LITERAL_CONVERSION = YES;
				CLANG_WARN_OBJC_ROOT_CLASS = YES_ERROR;
				CLANG_WARN_QUOTED_INCLUDE_IN_FRAMEWORK_HEADER = YES;
				CLANG_WARN_RANGE_LOOP_ANALYSIS = YES;
				CLANG_WARN_STRICT_PROTOTYPES = YES;
				CLANG_WARN_SUSPICIOUS_MOVE = YES;
				CLANG_WARN_UNGUARDED_AVAILABILITY = YES_AGGRESSIVE;
				CLANG_WARN_UNREACHABLE_CODE = YES;
				CLANG_WARN__DUPLICATE_METHOD_MATCH = YES;
				COPY_PHASE_STRIP = NO;
				DEBUG_INFORMATION_FORMAT = "dwarf-with-dsym";
				ENABLE_NS_ASSERTIONS = NO;
				ENABLE_STRICT_OBJC_MSGSEND = YES;
				GCC_C_LANGUAGE_STANDARD = gnu11;
				GCC_NO_COMMON_BLOCKS = YES;
				GCC_WARN_64_TO_32_BIT_CONVERSION = YES;
				GCC_WARN_ABOUT_RETURN_TYPE = YES_ERROR;
				GCC_WARN_UNDECLARED_SELECTOR = YES;
				GCC_WARN_UNINITIALIZED_AUTOS = YES_AGGRESSIVE;
				GCC_WARN_UNUSED_FUNCTION = YES;
				GCC_WARN_UNUSED_VARIABLE = YES;
				IPHONEOS_DEPLOYMENT_TARGET = 15.2;
				MTL_ENABLE_DEBUG_INFO = NO;
				MTL_FAST_MATH = YES;
				SDKROOT = iphoneos;
				SWIFT_COMPILATION_MODE = wholemodule;
				SWIFT_OPTIMIZATION_LEVEL = "-O";
				VALIDATE_PRODUCT = YES;
			};
			name = Release;
		};
		CB303312284C0B4E0073C9A8 /* Debug */ = {
			isa = XCBuildConfiguration;
			buildSettings = {
				ASSETCATALOG_COMPILER_APPICON_NAME = AppIcon;
				ASSETCATALOG_COMPILER_GLOBAL_ACCENT_COLOR_NAME = AccentColor;
				CODE_SIGN_STYLE = Automatic;
				CURRENT_PROJECT_VERSION = 1;
				DEVELOPMENT_ASSET_PATHS = "\"Form codeacadamy/Preview Content\"";
				ENABLE_PREVIEWS = YES;
				GENERATE_INFOPLIST_FILE = YES;
				INFOPLIST_KEY_UIApplicationSceneManifest_Generation = YES;
				INFOPLIST_KEY_UIApplicationSupportsIndirectInputEvents = YES;
				INFOPLIST_KEY_UILaunchScreen_Generation = YES;
				INFOPLIST_KEY_UISupportedInterfaceOrientations_iPad = "UIInterfaceOrientationPortrait UIInterfaceOrientationPortraitUpsideDown UIInterfaceOrientationLandscapeLeft UIInterfaceOrientationLandscapeRight";
				INFOPLIST_KEY_UISupportedInterfaceOrientations_iPhone = "UIInterfaceOrientationPortrait UIInterfaceOrientationLandscapeLeft UIInterfaceOrientationLandscapeRight";
				LD_RUNPATH_SEARCH_PATHS = (
					"$(inherited)",
					"@executable_path/Frameworks",
				);
				MARKETING_VERSION = 1.0;
				PRODUCT_BUNDLE_IDENTIFIER = "Daniel-Klimchuk.Form-codeacadamy";
				PRODUCT_NAME = "$(TARGET_NAME)";
				SWIFT_EMIT_LOC_STRINGS = YES;
				SWIFT_VERSION = 5.0;
				TARGETED_DEVICE_FAMILY = "1,2";
			};
			name = Debug;
		};
		CB303313284C0B4E0073C9A8 /* Release */ = {
			isa = XCBuildConfiguration;
			buildSettings = {
				ASSETCATALOG_COMPILER_APPICON_NAME = AppIcon;
				ASSETCATALOG_COMPILER_GLOBAL_ACCENT_COLOR_NAME = AccentColor;
				CODE_SIGN_STYLE = Automatic;
				CURRENT_PROJECT_VERSION = 1;
				DEVELOPMENT_ASSET_PATHS = "\"Form codeacadamy/Preview Content\"";
				ENABLE_PREVIEWS = YES;
				GENERATE_INFOPLIST_FILE = YES;
				INFOPLIST_KEY_UIApplicationSceneManifest_Generation = YES;
				INFOPLIST_KEY_UIApplicationSupportsIndirectInputEvents = YES;
				INFOPLIST_KEY_UILaunchScreen_Generation = YES;
				INFOPLIST_KEY_UISupportedInterfaceOrientations_iPad = "UIInterfaceOrientationPortrait UIInterfaceOrientationPortraitUpsideDown UIInterfaceOrientationLandscapeLeft UIInterfaceOrientationLandscapeRight";
				INFOPLIST_KEY_UISupportedInterfaceOrientations_iPhone = "UIInterfaceOrientationPortrait UIInterfaceOrientationLandscapeLeft UIInterfaceOrientationLandscapeRight";
				LD_RUNPATH_SEARCH_PATHS = (
					"$(inherited)",
					"@executable_path/Frameworks",
				);
				MARKETING_VERSION = 1.0;
				PRODUCT_BUNDLE_IDENTIFIER = "Daniel-Klimchuk.Form-codeacadamy";
				PRODUCT_NAME = "$(TARGET_NAME)";
				SWIFT_EMIT_LOC_STRINGS = YES;
				SWIFT_VERSION = 5.0;
				TARGETED_DEVICE_FAMILY = "1,2";
			};
			name = Release;
		};
		CB303315284C0B4E0073C9A8 /* Debug */ = {
			isa = XCBuildConfiguration;
			buildSettings = {
				ALWAYS_EMBED_SWIFT_STANDARD_LIBRARIES = YES;
				BUNDLE_LOADER = "$(TEST_HOST)";
				CODE_SIGN_STYLE = Automatic;
				CURRENT_PROJECT_VERSION = 1;
				GENERATE_INFOPLIST_FILE = YES;
				IPHONEOS_DEPLOYMENT_TARGET = 15.2;
				MARKETING_VERSION = 1.0;
				PRODUCT_BUNDLE_IDENTIFIER = "Daniel-Klimchuk.Form-codeacadamyTests";
				PRODUCT_NAME = "$(TARGET_NAME)";
				SWIFT_EMIT_LOC_STRINGS = NO;
				SWIFT_VERSION = 5.0;
				TARGETED_DEVICE_FAMILY = "1,2";
				TEST_HOST = "$(BUILT_PRODUCTS_DIR)/Form codeacadamy.app/Form codeacadamy";
			};
			name = Debug;
		};
		CB303316284C0B4E0073C9A8 /* Release */ = {
			isa = XCBuildConfiguration;
			buildSettings = {
				ALWAYS_EMBED_SWIFT_STANDARD_LIBRARIES = YES;
				BUNDLE_LOADER = "$(TEST_HOST)";
				CODE_SIGN_STYLE = Automatic;
				CURRENT_PROJECT_VERSION = 1;
				GENERATE_INFOPLIST_FILE = YES;
				IPHONEOS_DEPLOYMENT_TARGET = 15.2;
				MARKETING_VERSION = 1.0;
				PRODUCT_BUNDLE_IDENTIFIER = "Daniel-Klimchuk.Form-codeacadamyTests";
				PRODUCT_NAME = "$(TARGET_NAME)";
				SWIFT_EMIT_LOC_STRINGS = NO;
				SWIFT_VERSION = 5.0;
				TARGETED_DEVICE_FAMILY = "1,2";
				TEST_HOST = "$(BUILT_PRODUCTS_DIR)/Form codeacadamy.app/Form codeacadamy";
			};
			name = Release;
		};
		CB303318284C0B4E0073C9A8 /* Debug */ = {
			isa = XCBuildConfiguration;
			buildSettings = {
				ALWAYS_EMBED_SWIFT_STANDARD_LIBRARIES = YES;
				CODE_SIGN_STYLE = Automatic;
				CURRENT_PROJECT_VERSION = 1;
				GENERATE_INFOPLIST_FILE = YES;
				MARKETING_VERSION = 1.0;
				PRODUCT_BUNDLE_IDENTIFIER = "Daniel-Klimchuk.Form-codeacadamyUITests";
				PRODUCT_NAME = "$(TARGET_NAME)";
				SWIFT_EMIT_LOC_STRINGS = NO;
				SWIFT_VERSION = 5.0;
				TARGETED_DEVICE_FAMILY = "1,2";
				TEST_TARGET_NAME = "Form codeacadamy";
			};
			name = Debug;
		};
		CB303319284C0B4E0073C9A8 /* Release */ = {
			isa = XCBuildConfiguration;
			buildSettings = {
				ALWAYS_EMBED_SWIFT_STANDARD_LIBRARIES = YES;
				CODE_SIGN_STYLE = Automatic;
				CURRENT_PROJECT_VERSION = 1;
				GENERATE_INFOPLIST_FILE = YES;
				MARKETING_VERSION = 1.0;
				PRODUCT_BUNDLE_IDENTIFIER = "Daniel-Klimchuk.Form-codeacadamyUITests";
				PRODUCT_NAME = "$(TARGET_NAME)";
				SWIFT_EMIT_LOC_STRINGS = NO;
				SWIFT_VERSION = 5.0;
				TARGETED_DEVICE_FAMILY = "1,2";
				TEST_TARGET_NAME = "Form codeacadamy";
			};
			name = Release;
		};
/* End XCBuildConfiguration section */

/* Begin XCConfigurationList section */
		CB3032E8284C0B480073C9A8 /* Build configuration list for PBXProject "Form codeacadamy" */ = {
			isa = XCConfigurationList;
			buildConfigurations = (
				CB30330F284C0B4E0073C9A8 /* Debug */,
				CB303310284C0B4E0073C9A8 /* Release */,
			);
			defaultConfigurationIsVisible = 0;
			defaultConfigurationName = Release;
		};
		CB303311284C0B4E0073C9A8 /* Build configuration list for PBXNativeTarget "Form codeacadamy" */ = {
			isa = XCConfigurationList;
			buildConfigurations = (
				CB303312284C0B4E0073C9A8 /* Debug */,
				CB303313284C0B4E0073C9A8 /* Release */,
			);
			defaultConfigurationIsVisible = 0;
			defaultConfigurationName = Release;
		};
		CB303314284C0B4E0073C9A8 /* Build configuration list for PBXNativeTarget "Form codeacadamyTests" */ = {
			isa = XCConfigurationList;
			buildConfigurations = (
				CB303315284C0B4E0073C9A8 /* Debug */,
				CB303316284C0B4E0073C9A8 /* Release */,
			);
			defaultConfigurationIsVisible = 0;
			defaultConfigurationName = Release;
		};
		CB303317284C0B4E0073C9A8 /* Build configuration list for PBXNativeTarget "Form codeacadamyUITests" */ = {
			isa = XCConfigurationList;
			buildConfigurations = (
				CB303318284C0B4E0073C9A8 /* Debug */,
				CB303319284C0B4E0073C9A8 /* Release */,
			);
			defaultConfigurationIsVisible = 0;
			defaultConfigurationName = Release;
		};
/* End XCConfigurationList section */
	};
	rootObject = CB3032E5284C0B480073C9A8 /* Project object */;
}
